
Microsoft Visual Studio Solution File, Format Version 12.00
# Visual Studio Version 17
VisualStudioVersion = 17.13.35818.85
MinimumVisualStudioVersion = 10.0.40219.1
Project("{FAE04EC0-301F-11D3-BF4B-00C04F79EFBC}") = "AT", "AT\AT.csproj", "{88B93E24-2C7F-42EB-86C9-4E3F8B0AEFBD}"
EndProject
Project("{FAE04EC0-301F-11D3-BF4B-00C04F79EFBC}") = "E2 AT", "E2 AT\E2 AT.csproj", "{7DBEEF54-C220-4D0A-B322-E6758DCBE670}"
EndProject
Project("{FAE04EC0-301F-11D3-BF4B-00C04F79EFBC}") = "E3 AT", "Calculadora\E3 AT.csproj", "{448B4C28-D5F9-4C14-9997-EC0CED4B07C3}"
EndProject
Project("{FAE04EC0-301F-11D3-BF4B-00C04F79EFBC}") = "E4 AT", "E4 AT\E4 AT.csproj", "{60FCBF53-57E3-4497-8D1E-F056EDB418F7}"
EndProject
Project("{FAE04EC0-301F-11D3-BF4B-00C04F79EFBC}") = "E5 AT", "E5 AT\E5 AT.csproj", "{E9567A84-B09C-4325-8B2C-ADFB5C25CAF9}"
EndProject
Project("{FAE04EC0-301F-11D3-BF4B-00C04F79EFBC}") = "E6 AT", "E6 AT\E6 AT.csproj", "{B2E852BC-488B-4BAA-8C27-31710F4F7CD3}"
EndProject
Project("{FAE04EC0-301F-11D3-BF4B-00C04F79EFBC}") = "E7 AT", "E7 AT\E7 AT.csproj", "{B1CC5C7A-9DF8-40F6-AB5C-6AACEF222794}"
EndProject
Project("{FAE04EC0-301F-11D3-BF4B-00C04F79EFBC}") = "E8 AT", "E8 AT\E8 AT.csproj", "{EF5B5652-01A6-46C1-9F8A-74F618E8E70F}"
EndProject
Project("{FAE04EC0-301F-11D3-BF4B-00C04F79EFBC}") = "E9 AT", "E9 AT\E9 AT.csproj", "{2D702D63-2483-4F8C-B4BB-6DD5F5F017B9}"
EndProject
Project("{FAE04EC0-301F-11D3-BF4B-00C04F79EFBC}") = "E9 PARTE 2 AT", "E9 PARTE 2 AT\E9 PARTE 2 AT.csproj", "{1EC2E8E8-E64F-4A3A-BFC2-FA564B8C1B0E}"
EndProject
Project("{FAE04EC0-301F-11D3-BF4B-00C04F79EFBC}") = "E10 AT", "E10 AT\E10 AT.csproj", "{1A33370D-2F2C-4000-9C2D-F5682A838A9A}"
EndProject
Project("{FAE04EC0-301F-11D3-BF4B-00C04F79EFBC}") = "E11 AT", "E11 AT\E11 AT.csproj", "{D3ADEA86-B52E-423A-B34F-10F7147F2ED1}"
EndProject
Project("{FAE04EC0-301F-11D3-BF4B-00C04F79EFBC}") = "E12 AT", "E12 AT\E12 AT.csproj", "{685CE052-A84D-44A9-A520-145C9195657F}"
EndProject
Global
	GlobalSection(SolutionConfigurationPlatforms) = preSolution
		Debug|Any CPU = Debug|Any CPU
		Release|Any CPU = Release|Any CPU
	EndGlobalSection
	GlobalSection(ProjectConfigurationPlatforms) = postSolution
		{88B93E24-2C7F-42EB-86C9-4E3F8B0AEFBD}.Debug|Any CPU.ActiveCfg = Debug|Any CPU
		{88B93E24-2C7F-42EB-86C9-4E3F8B0AEFBD}.Debug|Any CPU.Build.0 = Debug|Any CPU
		{88B93E24-2C7F-42EB-86C9-4E3F8B0AEFBD}.Release|Any CPU.ActiveCfg = Release|Any CPU
		{88B93E24-2C7F-42EB-86C9-4E3F8B0AEFBD}.Release|Any CPU.Build.0 = Release|Any CPU
		{7DBEEF54-C220-4D0A-B322-E6758DCBE670}.Debug|Any CPU.ActiveCfg = Debug|Any CPU
		{7DBEEF54-C220-4D0A-B322-E6758DCBE670}.Debug|Any CPU.Build.0 = Debug|Any CPU
		{7DBEEF54-C220-4D0A-B322-E6758DCBE670}.Release|Any CPU.ActiveCfg = Release|Any CPU
		{7DBEEF54-C220-4D0A-B322-E6758DCBE670}.Release|Any CPU.Build.0 = Release|Any CPU
		{448B4C28-D5F9-4C14-9997-EC0CED4B07C3}.Debug|Any CPU.ActiveCfg = Debug|Any CPU
		{448B4C28-D5F9-4C14-9997-EC0CED4B07C3}.Debug|Any CPU.Build.0 = Debug|Any CPU
		{448B4C28-D5F9-4C14-9997-EC0CED4B07C3}.Release|Any CPU.ActiveCfg = Release|Any CPU
		{448B4C28-D5F9-4C14-9997-EC0CED4B07C3}.Release|Any CPU.Build.0 = Release|Any CPU
		{60FCBF53-57E3-4497-8D1E-F056EDB418F7}.Debug|Any CPU.ActiveCfg = Debug|Any CPU
		{60FCBF53-57E3-4497-8D1E-F056EDB418F7}.Debug|Any CPU.Build.0 = Debug|Any CPU
		{60FCBF53-57E3-4497-8D1E-F056EDB418F7}.Release|Any CPU.ActiveCfg = Release|Any CPU
		{60FCBF53-57E3-4497-8D1E-F056EDB418F7}.Release|Any CPU.Build.0 = Release|Any CPU
		{E9567A84-B09C-4325-8B2C-ADFB5C25CAF9}.Debug|Any CPU.ActiveCfg = Debug|Any CPU
		{E9567A84-B09C-4325-8B2C-ADFB5C25CAF9}.Debug|Any CPU.Build.0 = Debug|Any CPU
		{E9567A84-B09C-4325-8B2C-ADFB5C25CAF9}.Release|Any CPU.ActiveCfg = Release|Any CPU
		{E9567A84-B09C-4325-8B2C-ADFB5C25CAF9}.Release|Any CPU.Build.0 = Release|Any CPU
		{B2E852BC-488B-4BAA-8C27-31710F4F7CD3}.Debug|Any CPU.ActiveCfg = Debug|Any CPU
		{B2E852BC-488B-4BAA-8C27-31710F4F7CD3}.Debug|Any CPU.Build.0 = Debug|Any CPU
		{B2E852BC-488B-4BAA-8C27-31710F4F7CD3}.Release|Any CPU.ActiveCfg = Release|Any CPU
		{B2E852BC-488B-4BAA-8C27-31710F4F7CD3}.Release|Any CPU.Build.0 = Release|Any CPU
		{B1CC5C7A-9DF8-40F6-AB5C-6AACEF222794}.Debug|Any CPU.ActiveCfg = Debug|Any CPU
		{B1CC5C7A-9DF8-40F6-AB5C-6AACEF222794}.Debug|Any CPU.Build.0 = Debug|Any CPU
		{B1CC5C7A-9DF8-40F6-AB5C-6AACEF222794}.Release|Any CPU.ActiveCfg = Release|Any CPU
		{B1CC5C7A-9DF8-40F6-AB5C-6AACEF222794}.Release|Any CPU.Build.0 = Release|Any CPU
		{EF5B5652-01A6-46C1-9F8A-74F618E8E70F}.Debug|Any CPU.ActiveCfg = Debug|Any CPU
		{EF5B5652-01A6-46C1-9F8A-74F618E8E70F}.Debug|Any CPU.Build.0 = Debug|Any CPU
		{EF5B5652-01A6-46C1-9F8A-74F618E8E70F}.Release|Any CPU.ActiveCfg = Release|Any CPU
		{EF5B5652-01A6-46C1-9F8A-74F618E8E70F}.Release|Any CPU.Build.0 = Release|Any CPU
		{2D702D63-2483-4F8C-B4BB-6DD5F5F017B9}.Debug|Any CPU.ActiveCfg = Debug|Any CPU
		{2D702D63-2483-4F8C-B4BB-6DD5F5F017B9}.Debug|Any CPU.Build.0 = Debug|Any CPU
		{2D702D63-2483-4F8C-B4BB-6DD5F5F017B9}.Release|Any CPU.ActiveCfg = Release|Any CPU
		{2D702D63-2483-4F8C-B4BB-6DD5F5F017B9}.Release|Any CPU.Build.0 = Release|Any CPU
		{1EC2E8E8-E64F-4A3A-BFC2-FA564B8C1B0E}.Debug|Any CPU.ActiveCfg = Debug|Any CPU
		{1EC2E8E8-E64F-4A3A-BFC2-FA564B8C1B0E}.Debug|Any CPU.Build.0 = Debug|Any CPU
		{1EC2E8E8-E64F-4A3A-BFC2-FA564B8C1B0E}.Release|Any CPU.ActiveCfg = Release|Any CPU
		{1EC2E8E8-E64F-4A3A-BFC2-FA564B8C1B0E}.Release|Any CPU.Build.0 = Release|Any CPU
		{1A33370D-2F2C-4000-9C2D-F5682A838A9A}.Debug|Any CPU.ActiveCfg = Debug|Any CPU
		{1A33370D-2F2C-4000-9C2D-F5682A838A9A}.Debug|Any CPU.Build.0 = Debug|Any CPU
		{1A33370D-2F2C-4000-9C2D-F5682A838A9A}.Release|Any CPU.ActiveCfg = Release|Any CPU
		{1A33370D-2F2C-4000-9C2D-F5682A838A9A}.Release|Any CPU.Build.0 = Release|Any CPU
		{D3ADEA86-B52E-423A-B34F-10F7147F2ED1}.Debug|Any CPU.ActiveCfg = Debug|Any CPU
		{D3ADEA86-B52E-423A-B34F-10F7147F2ED1}.Debug|Any CPU.Build.0 = Debug|Any CPU
		{D3ADEA86-B52E-423A-B34F-10F7147F2ED1}.Release|Any CPU.ActiveCfg = Release|Any CPU
		{D3ADEA86-B52E-423A-B34F-10F7147F2ED1}.Release|Any CPU.Build.0 = Release|Any CPU
		{685CE052-A84D-44A9-A520-145C9195657F}.Debug|Any CPU.ActiveCfg = Debug|Any CPU
		{685CE052-A84D-44A9-A520-145C9195657F}.Debug|Any CPU.Build.0 = Debug|Any CPU
		{685CE052-A84D-44A9-A520-145C9195657F}.Release|Any CPU.ActiveCfg = Release|Any CPU
		{685CE052-A84D-44A9-A520-145C9195657F}.Release|Any CPU.Build.0 = Release|Any CPU
	EndGlobalSection
	GlobalSection(SolutionProperties) = preSolution
		HideSolutionNode = FALSE
	EndGlobalSection
	GlobalSection(ExtensibilityGlobals) = postSolution
		SolutionGuid = {21A65EC7-AA62-4FAB-8A14-01147AD61EBE}
	EndGlobalSection
EndGlobal
